{
  "name": "flec-blog-theme-default",
  "version": "1.3.0",
  "lockfileVersion": 3,
  "requires": true,
  "packages": {
    "": {
      "name": "flec-blog-theme-default",
      "version": "1.3.0",
      "license": "MIT",
      "dependencies": {
        "medium-zoom": "^1.1.0"
      }
    },
    "node_modules/medium-zoom": {
      "version": "1.1.0",
      "resolved": "https://mirrors.cloud.tencent.com/npm/medium-zoom/-/medium-zoom-1.1.0.tgz",
      "integrity": "sha512-ewyDsp7k4InCUp3jRmwHBRFGyjBimKps/AJLjRSox+2q/2H4p/PNpQf+pwONWlJiOudkBXtbdmVbFjqyybfTmQ==",
      "license": "MIT"
    }
  }
}
